
Microsoft Visual Studio Solution File, Format Version 12.00
# Visual Studio Version 17
VisualStudioVersion = 17.5.002.0
MinimumVisualStudioVersion = 10.0.40219.1
Project("{9A19103F-16F7-4668-BE54-9A1E7A4F7556}") = "AuthenticatedAPI", "AuthenticatedAPI\AuthenticatedAPI.csproj", "{8D4F36E7-A0A2-4C71-9E7B-6DC0906B8AF4}"
EndProject
Project("{FAE04EC0-301F-11D3-BF4B-00C04F79EFBC}") = "Authenticated.Test", "Authenticated.Test\Authenticated.Test.csproj", "{56FCC09E-0D05-49A8-864F-3D9512769D5D}"
EndProject
Project("{FAE04EC0-301F-11D3-BF4B-00C04F79EFBC}") = "Authenticated_Models", "Authenticated_Models\Authenticated_Models.csproj", "{07FD4B1F-E4F2-401B-8082-6AF35C5C8117}"
EndProject
Global
	GlobalSection(SolutionConfigurationPlatforms) = preSolution
		Debug|Any CPU = Debug|Any CPU
		Release|Any CPU = Release|Any CPU
	EndGlobalSection
	GlobalSection(ProjectConfigurationPlatforms) = postSolution
		{8D4F36E7-A0A2-4C71-9E7B-6DC0906B8AF4}.Debug|Any CPU.ActiveCfg = Debug|Any CPU
		{8D4F36E7-A0A2-4C71-9E7B-6DC0906B8AF4}.Debug|Any CPU.Build.0 = Debug|Any CPU
		{8D4F36E7-A0A2-4C71-9E7B-6DC0906B8AF4}.Release|Any CPU.ActiveCfg = Release|Any CPU
		{8D4F36E7-A0A2-4C71-9E7B-6DC0906B8AF4}.Release|Any CPU.Build.0 = Release|Any CPU
		{56FCC09E-0D05-49A8-864F-3D9512769D5D}.Debug|Any CPU.ActiveCfg = Debug|Any CPU
		{56FCC09E-0D05-49A8-864F-3D9512769D5D}.Debug|Any CPU.Build.0 = Debug|Any CPU
		{56FCC09E-0D05-49A8-864F-3D9512769D5D}.Release|Any CPU.ActiveCfg = Release|Any CPU
		{56FCC09E-0D05-49A8-864F-3D9512769D5D}.Release|Any CPU.Build.0 = Release|Any CPU
		{0A57D181-F375-4AB5-BBF4-8B983E3200E7}.Debug|Any CPU.ActiveCfg = Debug|Any CPU
		{0A57D181-F375-4AB5-BBF4-8B983E3200E7}.Debug|Any CPU.Build.0 = Debug|Any CPU
		{0A57D181-F375-4AB5-BBF4-8B983E3200E7}.Release|Any CPU.ActiveCfg = Release|Any CPU
		{0A57D181-F375-4AB5-BBF4-8B983E3200E7}.Release|Any CPU.Build.0 = Release|Any CPU
		{07FD4B1F-E4F2-401B-8082-6AF35C5C8117}.Debug|Any CPU.ActiveCfg = Debug|Any CPU
		{07FD4B1F-E4F2-401B-8082-6AF35C5C8117}.Debug|Any CPU.Build.0 = Debug|Any CPU
		{07FD4B1F-E4F2-401B-8082-6AF35C5C8117}.Release|Any CPU.ActiveCfg = Release|Any CPU
		{07FD4B1F-E4F2-401B-8082-6AF35C5C8117}.Release|Any CPU.Build.0 = Release|Any CPU
	EndGlobalSection
	GlobalSection(SolutionProperties) = preSolution
		HideSolutionNode = FALSE
	EndGlobalSection
	GlobalSection(ExtensibilityGlobals) = postSolution
		SolutionGuid = {E3D6E369-44E3-4CE6-8608-FBEBED0B91AB}
	EndGlobalSection
EndGlobal
